
Microsoft Visual Studio Solution File, Format Version 12.00
# Visual Studio Version 17
VisualStudioVersion = 17.11.35303.130
MinimumVisualStudioVersion = 10.0.40219.1
Project("{FAE04EC0-301F-11D3-BF4B-00C04F79EFBC}") = "MovieGenreDemoPro", "MovieGenreDemoPro\MovieGenreDemoPro.csproj", "{75F23C51-E755-4D35-98AB-402FDEFC46ED}"
EndProject
Global
	GlobalSection(SolutionConfigurationPlatforms) = preSolution
		Debug|Any CPU = Debug|Any CPU
		Release|Any CPU = Release|Any CPU
	EndGlobalSection
	GlobalSection(ProjectConfigurationPlatforms) = postSolution
		{75F23C51-E755-4D35-98AB-402FDEFC46ED}.Debug|Any CPU.ActiveCfg = Debug|Any CPU
		{75F23C51-E755-4D35-98AB-402FDEFC46ED}.Debug|Any CPU.Build.0 = Debug|Any CPU
		{75F23C51-E755-4D35-98AB-402FDEFC46ED}.Release|Any CPU.ActiveCfg = Release|Any CPU
		{75F23C51-E755-4D35-98AB-402FDEFC46ED}.Release|Any CPU.Build.0 = Release|Any CPU
	EndGlobalSection
	GlobalSection(SolutionProperties) = preSolution
		HideSolutionNode = FALSE
	EndGlobalSection
	GlobalSection(ExtensibilityGlobals) = postSolution
		SolutionGuid = {3B88379A-0FE1-4AC5-87FB-B63FC7458FD4}
	EndGlobalSection
EndGlobal
